
Microsoft Visual Studio Solution File, Format Version 12.00
# Visual Studio 15
VisualStudioVersion = 15.0.27428.2015
MinimumVisualStudioVersion = 10.0.40219.1
Project("{FAE04EC0-301F-11D3-BF4B-00C04F79EFBC}") = "woot", "woot\woot.csproj", "{490CC5FD-433C-4231-A65F-3A203EC447BD}"
EndProject
Project("{FAE04EC0-301F-11D3-BF4B-00C04F79EFBC}") = "_DAL", "DAL\_DAL.csproj", "{3CD31471-7B7B-4663-9DBA-63A2723A27A0}"
EndProject
Project("{FAE04EC0-301F-11D3-BF4B-00C04F79EFBC}") = "BusinessLogic", "BusinessLogic\BusinessLogic.csproj", "{D3D34B2A-E3CE-4387-BE17-A89207A9E167}"
EndProject
Project("{FAE04EC0-301F-11D3-BF4B-00C04F79EFBC}") = "Moot", "Moot\Moot.csproj", "{C57A1F94-739D-4A40-9591-6A1DF6305C51}"
EndProject
Project("{FAE04EC0-301F-11D3-BF4B-00C04F79EFBC}") = "BusinessLogicTests", "BusinessLogicTests\BusinessLogicTests.csproj", "{92D7F8EA-3A3E-45C7-8EDD-EA3FE4211F07}"
EndProject
Global
	GlobalSection(SolutionConfigurationPlatforms) = preSolution
		Debug|Any CPU = Debug|Any CPU
		Release|Any CPU = Release|Any CPU
	EndGlobalSection
	GlobalSection(ProjectConfigurationPlatforms) = postSolution
		{490CC5FD-433C-4231-A65F-3A203EC447BD}.Debug|Any CPU.ActiveCfg = Debug|Any CPU
		{490CC5FD-433C-4231-A65F-3A203EC447BD}.Debug|Any CPU.Build.0 = Debug|Any CPU
		{490CC5FD-433C-4231-A65F-3A203EC447BD}.Release|Any CPU.ActiveCfg = Release|Any CPU
		{490CC5FD-433C-4231-A65F-3A203EC447BD}.Release|Any CPU.Build.0 = Release|Any CPU
		{3CD31471-7B7B-4663-9DBA-63A2723A27A0}.Debug|Any CPU.ActiveCfg = Debug|Any CPU
		{3CD31471-7B7B-4663-9DBA-63A2723A27A0}.Debug|Any CPU.Build.0 = Debug|Any CPU
		{3CD31471-7B7B-4663-9DBA-63A2723A27A0}.Release|Any CPU.ActiveCfg = Release|Any CPU
		{3CD31471-7B7B-4663-9DBA-63A2723A27A0}.Release|Any CPU.Build.0 = Release|Any CPU
		{D3D34B2A-E3CE-4387-BE17-A89207A9E167}.Debug|Any CPU.ActiveCfg = Debug|Any CPU
		{D3D34B2A-E3CE-4387-BE17-A89207A9E167}.Debug|Any CPU.Build.0 = Debug|Any CPU
		{D3D34B2A-E3CE-4387-BE17-A89207A9E167}.Release|Any CPU.ActiveCfg = Release|Any CPU
		{D3D34B2A-E3CE-4387-BE17-A89207A9E167}.Release|Any CPU.Build.0 = Release|Any CPU
		{C57A1F94-739D-4A40-9591-6A1DF6305C51}.Debug|Any CPU.ActiveCfg = Debug|Any CPU
		{C57A1F94-739D-4A40-9591-6A1DF6305C51}.Debug|Any CPU.Build.0 = Debug|Any CPU
		{C57A1F94-739D-4A40-9591-6A1DF6305C51}.Release|Any CPU.ActiveCfg = Release|Any CPU
		{C57A1F94-739D-4A40-9591-6A1DF6305C51}.Release|Any CPU.Build.0 = Release|Any CPU
		{92D7F8EA-3A3E-45C7-8EDD-EA3FE4211F07}.Debug|Any CPU.ActiveCfg = Debug|Any CPU
		{92D7F8EA-3A3E-45C7-8EDD-EA3FE4211F07}.Debug|Any CPU.Build.0 = Debug|Any CPU
		{92D7F8EA-3A3E-45C7-8EDD-EA3FE4211F07}.Release|Any CPU.ActiveCfg = Release|Any CPU
		{92D7F8EA-3A3E-45C7-8EDD-EA3FE4211F07}.Release|Any CPU.Build.0 = Release|Any CPU
	EndGlobalSection
	GlobalSection(SolutionProperties) = preSolution
		HideSolutionNode = FALSE
	EndGlobalSection
	GlobalSection(ExtensibilityGlobals) = postSolution
		SolutionGuid = {6EE7ABF2-4271-4908-9114-6CE0C0E086D1}
	EndGlobalSection
EndGlobal
